// !$*UTF8*$!
{
	archiveVersion = 1;
	classes = {
	};
	objectVersion = 56;
	objects = {

/* Begin PBXBuildFile section */
		F626621A29A1848500BA3ADD /* MenuBarLinksApp.swift in Sources */ = {isa = PBXBuildFile; fileRef = F626621929A1848500BA3ADD /* MenuBarLinksApp.swift */; };
		F626621C29A1848500BA3ADD /* ContentView.swift in Sources */ = {isa = PBXBuildFile; fileRef = F626621B29A1848500BA3ADD /* ContentView.swift */; };
		F626621E29A1848700BA3ADD /* Assets.xcassets in Resources */ = {isa = PBXBuildFile; fileRef = F626621D29A1848700BA3ADD /* Assets.xcassets */; };
		F626622129A1848700BA3ADD /* Preview Assets.xcassets in Resources */ = {isa = PBXBuildFile; fileRef = F626622029A1848700BA3ADD /* Preview Assets.xcassets */; };
		F626622329A1848700BA3ADD /* Persistence.swift in Sources */ = {isa = PBXBuildFile; fileRef = F626622229A1848700BA3ADD /* Persistence.swift */; };
		F626622629A1848700BA3ADD /* MenuBarLinks.xcdatamodeld in Sources */ = {isa = PBXBuildFile; fileRef = F626622429A1848700BA3ADD /* MenuBarLinks.xcdatamodeld */; };
/* End PBXBuildFile section */

/* Begin PBXFileReference section */
		F626621629A1848500BA3ADD /* MenuBarLinks.app */ = {isa = PBXFileReference; explicitFileType = wrapper.application; includeInIndex = 0; path = MenuBarLinks.app; sourceTree = BUILT_PRODUCTS_DIR; };
		F626621929A1848500BA3ADD /* MenuBarLinksApp.swift */ = {isa = PBXFileReference; lastKnownFileType = sourcecode.swift; path = MenuBarLinksApp.swift; sourceTree = "<group>"; };
		F626621B29A1848500BA3ADD /* ContentView.swift */ = {isa = PBXFileReference; lastKnownFileType = sourcecode.swift; path = ContentView.swift; sourceTree = "<group>"; };
		F626621D29A1848700BA3ADD /* Assets.xcassets */ = {isa = PBXFileReference; lastKnownFileType = folder.assetcatalog; path = Assets.xcassets; sourceTree = "<group>"; };
		F626622029A1848700BA3ADD /* Preview Assets.xcassets */ = {isa = PBXFileReference; lastKnownFileType = folder.assetcatalog; path = "Preview Assets.xcassets"; sourceTree = "<group>"; };
		F626622229A1848700BA3ADD /* Persistence.swift */ = {isa = PBXFileReference; lastKnownFileType = sourcecode.swift; path = Persistence.swift; sourceTree = "<group>"; };
		F626622529A1848700BA3ADD /* MenuBarLinks.xcdatamodel */ = {isa = PBXFileReference; lastKnownFileType = wrapper.xcdatamodel; path = MenuBarLinks.xcdatamodel; sourceTree = "<group>"; };
		F626622729A1848700BA3ADD /* MenuBarLinks.entitlements */ = {isa = PBXFileReference; lastKnownFileType = text.plist.entitlements; path = MenuBarLinks.entitlements; sourceTree = "<group>"; };
/* End PBXFileReference section */

/* Begin PBXFrameworksBuildPhase section */
		F626621329A1848500BA3ADD /* Frameworks */ = {
			isa = PBXFrameworksBuildPhase;
			buildActionMask = 2147483647;
			files = (
			);
			runOnlyForDeploymentPostprocessing = 0;
		};
/* End PBXFrameworksBuildPhase section */

/* Begin PBXGroup section */
		F626620D29A1848500BA3ADD = {
			isa = PBXGroup;
			children = (
				F626621829A1848500BA3ADD /* MenuBarLinks */,
				F626621729A1848500BA3ADD /* Products */,
			);
			sourceTree = "<group>";
		};
		F626621729A1848500BA3ADD /* Products */ = {
			isa = PBXGroup;
			children = (
				F626621629A1848500BA3ADD /* MenuBarLinks.app */,
			);
			name = Products;
			sourceTree = "<group>";
		};
		F626621829A1848500BA3ADD /* MenuBarLinks */ = {
			isa = PBXGroup;
			children = (
				F626621929A1848500BA3ADD /* MenuBarLinksApp.swift */,
				F626621B29A1848500BA3ADD /* ContentView.swift */,
				F626621D29A1848700BA3ADD /* Assets.xcassets */,
				F626622229A1848700BA3ADD /* Persistence.swift */,
				F626622729A1848700BA3ADD /* MenuBarLinks.entitlements */,
				F626622429A1848700BA3ADD /* MenuBarLinks.xcdatamodeld */,
				F626621F29A1848700BA3ADD /* Preview Content */,
			);
			path = MenuBarLinks;
			sourceTree = "<group>";
		};
		F626621F29A1848700BA3ADD /* Preview Content */ = {
			isa = PBXGroup;
			children = (
				F626622029A1848700BA3ADD /* Preview Assets.xcassets */,
			);
			path = "Preview Content";
			sourceTree = "<group>";
		};
/* End PBXGroup section */

/* Begin PBXNativeTarget section */
		F626621529A1848500BA3ADD /* MenuBarLinks */ = {
			isa = PBXNativeTarget;
			buildConfigurationList = F626622A29A1848700BA3ADD /* Build configuration list for PBXNativeTarget "MenuBarLinks" */;
			buildPhases = (
				F626621229A1848500BA3ADD /* Sources */,
				F626621329A1848500BA3ADD /* Frameworks */,
				F626621429A1848500BA3ADD /* Resources */,
			);
			buildRules = (
			);
			dependencies = (
			);
			name = MenuBarLinks;
			productName = MenuBarLinks;
			productReference = F626621629A1848500BA3ADD /* MenuBarLinks.app */;
			productType = "com.apple.product-type.application";
		};
/* End PBXNativeTarget section */

/* Begin PBXProject section */
		F626620E29A1848500BA3ADD /* Project object */ = {
			isa = PBXProject;
			attributes = {
				BuildIndependentTargetsInParallel = 1;
				LastSwiftUpdateCheck = 1410;
				LastUpgradeCheck = 1410;
				TargetAttributes = {
					F626621529A1848500BA3ADD = {
						CreatedOnToolsVersion = 14.1;
					};
				};
			};
			buildConfigurationList = F626621129A1848500BA3ADD /* Build configuration list for PBXProject "MenuBarLinks" */;
			compatibilityVersion = "Xcode 14.0";
			developmentRegion = en;
			hasScannedForEncodings = 0;
			knownRegions = (
				en,
				Base,
			);
			mainGroup = F626620D29A1848500BA3ADD;
			productRefGroup = F626621729A1848500BA3ADD /* Products */;
			projectDirPath = "";
			projectRoot = "";
			targets = (
				F626621529A1848500BA3ADD /* MenuBarLinks */,
			);
		};
/* End PBXProject section */

/* Begin PBXResourcesBuildPhase section */
		F626621429A1848500BA3ADD /* Resources */ = {
			isa = PBXResourcesBuildPhase;
			buildActionMask = 2147483647;
			files = (
				F626622129A1848700BA3ADD /* Preview Assets.xcassets in Resources */,
				F626621E29A1848700BA3ADD /* Assets.xcassets in Resources */,
			);
			runOnlyForDeploymentPostprocessing = 0;
		};
/* End PBXResourcesBuildPhase section */

/* Begin PBXSourcesBuildPhase section */
		F626621229A1848500BA3ADD /* Sources */ = {
			isa = PBXSourcesBuildPhase;
			buildActionMask = 2147483647;
			files = (
				F626622629A1848700BA3ADD /* MenuBarLinks.xcdatamodeld in Sources */,
				F626622329A1848700BA3ADD /* Persistence.swift in Sources */,
				F626621C29A1848500BA3ADD /* ContentView.swift in Sources */,
				F626621A29A1848500BA3ADD /* MenuBarLinksApp.swift in Sources */,
			);
			runOnlyForDeploymentPostprocessing = 0;
		};
/* End PBXSourcesBuildPhase section */

/* Begin XCBuildConfiguration section */
		F626622829A1848700BA3ADD /* Debug */ = {
			isa = XCBuildConfiguration;
			buildSettings = {
				ALWAYS_SEARCH_USER_PATHS = NO;
				CLANG_ANALYZER_NONNULL = YES;
				CLANG_ANALYZER_NUMBER_OBJECT_CONVERSION = YES_AGGRESSIVE;
				CLANG_CXX_LANGUAGE_STANDARD = "gnu++20";
				CLANG_ENABLE_MODULES = YES;
				CLANG_ENABLE_OBJC_ARC = YES;
				CLANG_ENABLE_OBJC_WEAK = YES;
				CLANG_WARN_BLOCK_CAPTURE_AUTORELEASING = YES;
				CLANG_WARN_BOOL_CONVERSION = YES;
				CLANG_WARN_COMMA = YES;
				CLANG_WARN_CONSTANT_CONVERSION = YES;
				CLANG_WARN_DEPRECATED_OBJC_IMPLEMENTATIONS = YES;
				CLANG_WARN_DIRECT_OBJC_ISA_USAGE = YES_ERROR;
				CLANG_WARN_DOCUMENTATION_COMMENTS = YES;
				CLANG_WARN_EMPTY_BODY = YES;
				CLANG_WARN_ENUM_CONVERSION = YES;
				CLANG_WARN_INFINITE_RECURSION = YES;
				CLANG_WARN_INT_CONVERSION = YES;
				CLANG_WARN_NON_LITERAL_NULL_CONVERSION = YES;
				CLANG_WARN_OBJC_IMPLICIT_RETAIN_SELF = YES;
				CLANG_WARN_OBJC_LITERAL_CONVERSION = YES;
				CLANG_WARN_OBJC_ROOT_CLASS = YES_ERROR;
				CLANG_WARN_QUOTED_INCLUDE_IN_FRAMEWORK_HEADER = YES;
				CLANG_WARN_RANGE_LOOP_ANALYSIS = YES;
				CLANG_WARN_STRICT_PROTOTYPES = YES;
				CLANG_WARN_SUSPICIOUS_MOVE = YES;
				CLANG_WARN_UNGUARDED_AVAILABILITY = YES_AGGRESSIVE;
				CLANG_WARN_UNREACHABLE_CODE = YES;
				CLANG_WARN__DUPLICATE_METHOD_MATCH = YES;
				COPY_PHASE_STRIP = NO;
				DEBUG_INFORMATION_FORMAT = dwarf;
				ENABLE_STRICT_OBJC_MSGSEND = YES;
				ENABLE_TESTABILITY = YES;
				GCC_C_LANGUAGE_STANDARD = gnu11;
				GCC_DYNAMIC_NO_PIC = NO;
				GCC_NO_COMMON_BLOCKS = YES;
				GCC_OPTIMIZATION_LEVEL = 0;
				GCC_PREPROCESSOR_DEFINITIONS = (
					"DEBUG=1",
					"$(inherited)",
				);
				GCC_WARN_64_TO_32_BIT_CONVERSION = YES;
				GCC_WARN_ABOUT_RETURN_TYPE = YES_ERROR;
				GCC_WARN_UNDECLARED_SELECTOR = YES;
				GCC_WARN_UNINITIALIZED_AUTOS = YES_AGGRESSIVE;
				GCC_WARN_UNUSED_FUNCTION = YES;
				GCC_WARN_UNUSED_VARIABLE = YES;
				MACOSX_DEPLOYMENT_TARGET = 13.0;
				MTL_ENABLE_DEBUG_INFO = INCLUDE_SOURCE;
				MTL_FAST_MATH = YES;
				ONLY_ACTIVE_ARCH = YES;
				SDKROOT = macosx;
				SWIFT_ACTIVE_COMPILATION_CONDITIONS = DEBUG;
				SWIFT_OPTIMIZATION_LEVEL = "-Onone";
			};
			name = Debug;
		};
		F626622929A1848700BA3ADD /* Release */ = {
			isa = XCBuildConfiguration;
			buildSettings = {
				ALWAYS_SEARCH_USER_PATHS = NO;
				CLANG_ANALYZER_NONNULL = YES;
				CLANG_ANALYZER_NUMBER_OBJECT_CONVERSION = YES_AGGRESSIVE;
				CLANG_CXX_LANGUAGE_STANDARD = "gnu++20";
				CLANG_ENABLE_MODULES = YES;
				CLANG_ENABLE_OBJC_ARC = YES;
				CLANG_ENABLE_OBJC_WEAK = YES;
				CLANG_WARN_BLOCK_CAPTURE_AUTORELEASING = YES;
				CLANG_WARN_BOOL_CONVERSION = YES;
				CLANG_WARN_COMMA = YES;
				CLANG_WARN_CONSTANT_CONVERSION = YES;
				CLANG_WARN_DEPRECATED_OBJC_IMPLEMENTATIONS = YES;
				CLANG_WARN_DIRECT_OBJC_ISA_USAGE = YES_ERROR;
				CLANG_WARN_DOCUMENTATION_COMMENTS = YES;
				CLANG_WARN_EMPTY_BODY = YES;
				CLANG_WARN_ENUM_CONVERSION = YES;
				CLANG_WARN_INFINITE_RECURSION = YES;
				CLANG_WARN_INT_CONVERSION = YES;
				CLANG_WARN_NON_LITERAL_NULL_CONVERSION = YES;
				CLANG_WARN_OBJC_IMPLICIT_RETAIN_SELF = YES;
				CLANG_WARN_OBJC_LITERAL_CONVERSION = YES;
				CLANG_WARN_OBJC_ROOT_CLASS = YES_ERROR;
				CLANG_WARN_QUOTED_INCLUDE_IN_FRAMEWORK_HEADER = YES;
				CLANG_WARN_RANGE_LOOP_ANALYSIS = YES;
				CLANG_WARN_STRICT_PROTOTYPES = YES;
				CLANG_WARN_SUSPICIOUS_MOVE = YES;
				CLANG_WARN_UNGUARDED_AVAILABILITY = YES_AGGRESSIVE;
				CLANG_WARN_UNREACHABLE_CODE = YES;
				CLANG_WARN__DUPLICATE_METHOD_MATCH = YES;
				COPY_PHASE_STRIP = NO;
				DEBUG_INFORMATION_FORMAT = "dwarf-with-dsym";
				ENABLE_NS_ASSERTIONS = NO;
				ENABLE_STRICT_OBJC_MSGSEND = YES;
				GCC_C_LANGUAGE_STANDARD = gnu11;
				GCC_NO_COMMON_BLOCKS = YES;
				GCC_WARN_64_TO_32_BIT_CONVERSION = YES;
				GCC_WARN_ABOUT_RETURN_TYPE = YES_ERROR;
				GCC_WARN_UNDECLARED_SELECTOR = YES;
				GCC_WARN_UNINITIALIZED_AUTOS = YES_AGGRESSIVE;
				GCC_WARN_UNUSED_FUNCTION = YES;
				GCC_WARN_UNUSED_VARIABLE = YES;
				MACOSX_DEPLOYMENT_TARGET = 13.0;
				MTL_ENABLE_DEBUG_INFO = NO;
				MTL_FAST_MATH = YES;
				SDKROOT = macosx;
				SWIFT_COMPILATION_MODE = wholemodule;
				SWIFT_OPTIMIZATION_LEVEL = "-O";
			};
			name = Release;
		};
		F626622B29A1848700BA3ADD /* Debug */ = {
			isa = XCBuildConfiguration;
			buildSettings = {
				ASSETCATALOG_COMPILER_APPICON_NAME = AppIcon;
				ASSETCATALOG_COMPILER_GLOBAL_ACCENT_COLOR_NAME = AccentColor;
				CODE_SIGN_ENTITLEMENTS = MenuBarLinks/MenuBarLinks.entitlements;
				CODE_SIGN_STYLE = Automatic;
				COMBINE_HIDPI_IMAGES = YES;
				CURRENT_PROJECT_VERSION = 1;
				DEVELOPMENT_ASSET_PATHS = "\"MenuBarLinks/Preview Content\"";
				ENABLE_PREVIEWS = YES;
				GENERATE_INFOPLIST_FILE = YES;
				INFOPLIST_KEY_NSHumanReadableCopyright = "";
				LD_RUNPATH_SEARCH_PATHS = (
					"$(inherited)",
					"@executable_path/../Frameworks",
				);
				MARKETING_VERSION = 1.0;
				PRODUCT_BUNDLE_IDENTIFIER = dhanukaperera.MenuBarLinks;
				PRODUCT_NAME = "$(TARGET_NAME)";
				SWIFT_EMIT_LOC_STRINGS = YES;
				SWIFT_VERSION = 5.0;
			};
			name = Debug;
		};
		F626622C29A1848700BA3ADD /* Release */ = {
			isa = XCBuildConfiguration;
			buildSettings = {
				ASSETCATALOG_COMPILER_APPICON_NAME = AppIcon;
				ASSETCATALOG_COMPILER_GLOBAL_ACCENT_COLOR_NAME = AccentColor;
				CODE_SIGN_ENTITLEMENTS = MenuBarLinks/MenuBarLinks.entitlements;
				CODE_SIGN_STYLE = Automatic;
				COMBINE_HIDPI_IMAGES = YES;
				CURRENT_PROJECT_VERSION = 1;
				DEVELOPMENT_ASSET_PATHS = "\"MenuBarLinks/Preview Content\"";
				ENABLE_PREVIEWS = YES;
				GENERATE_INFOPLIST_FILE = YES;
				INFOPLIST_KEY_NSHumanReadableCopyright = "";
				LD_RUNPATH_SEARCH_PATHS = (
					"$(inherited)",
					"@executable_path/../Frameworks",
				);
				MARKETING_VERSION = 1.0;
				PRODUCT_BUNDLE_IDENTIFIER = dhanukaperera.MenuBarLinks;
				PRODUCT_NAME = "$(TARGET_NAME)";
				SWIFT_EMIT_LOC_STRINGS = YES;
				SWIFT_VERSION = 5.0;
			};
			name = Release;
		};
/* End XCBuildConfiguration section */

/* Begin XCConfigurationList section */
		F626621129A1848500BA3ADD /* Build configuration list for PBXProject "MenuBarLinks" */ = {
			isa = XCConfigurationList;
			buildConfigurations = (
				F626622829A1848700BA3ADD /* Debug */,
				F626622929A1848700BA3ADD /* Release */,
			);
			defaultConfigurationIsVisible = 0;
			defaultConfigurationName = Release;
		};
		F626622A29A1848700BA3ADD /* Build configuration list for PBXNativeTarget "MenuBarLinks" */ = {
			isa = XCConfigurationList;
			buildConfigurations = (
				F626622B29A1848700BA3ADD /* Debug */,
				F626622C29A1848700BA3ADD /* Release */,
			);
			defaultConfigurationIsVisible = 0;
			defaultConfigurationName = Release;
		};
/* End XCConfigurationList section */

/* Begin XCVersionGroup section */
		F626622429A1848700BA3ADD /* MenuBarLinks.xcdatamodeld */ = {
			isa = XCVersionGroup;
			children = (
				F626622529A1848700BA3ADD /* MenuBarLinks.xcdatamodel */,
			);
			currentVersion = F626622529A1848700BA3ADD /* MenuBarLinks.xcdatamodel */;
			path = MenuBarLinks.xcdatamodeld;
			sourceTree = "<group>";
			versionGroupType = wrapper.xcdatamodel;
		};
/* End XCVersionGroup section */
	};
	rootObject = F626620E29A1848500BA3ADD /* Project object */;
}
